<?xml version="1.0" encoding="utf-8"?>
<Project ToolsVersion="4.0" xmlns="http://schemas.microsoft.com/developer/msbuild/2003">
  <ItemGroup>
    <ClCompile Include="src\EntityManger.cpp" />
    <ClCompile Include="src\Game.cpp" />
    <ClCompile Include="src\GUI\Button.cpp" />
    <ClCompile Include="src\GUI\CheckBox.cpp" />
    <ClCompile Include="src\GUI\GUI.cpp" />
    <ClCompile Include="src\GUI\Label.cpp" />
    <ClCompile Include="src\GUI\Slider.cpp" />
    <ClCompile Include="src\GUI\Widget.cpp" />
    <ClCompile Include="src\main.cpp" />
    <ClCompile Include="src\Player.cpp" />
    <ClCompile Include="src\XboxController.cpp" />
    <ClCompile Include="src\Screens\Screen.cpp" />
    <ClCompile Include="src\Screens\MainMenu.cpp" />
    <ClCompile Include="src\Screens\ScreenManager.cpp" />
    <ClCompile Include="src\Screens\Options.cpp" />
    <ClCompile Include="src\GUI\RadioButton.cpp" />
    <ClCompile Include="src\Screens\ExitMenu.cpp" />
    <ClCompile Include="src\Screens\Credits.cpp" />
    <ClCompile Include="src\Screens\PlayMenu.cpp" />
  </ItemGroup>
  <ItemGroup>
    <ClInclude Include="include\Entity.h" />
    <ClInclude Include="include\EntityManager.h" />
    <ClInclude Include="include\Game.h" />
    <ClInclude Include="include\GUI\Button.h" />
    <ClInclude Include="include\GUI\CheckBox.h" />
    <ClInclude Include="include\GUI\GUI.h" />
    <ClInclude Include="include\GUI\Label.h" />
    <ClInclude Include="include\GUI\Slider.h" />
    <ClInclude Include="include\GUI\Widget.h" />
    <ClInclude Include="include\MathHelper.h" />
    <ClInclude Include="include\Player.h" />
    <ClInclude Include="include\XboxController.h" />
    <ClInclude Include="include\Screens\Screen.h" />
    <ClInclude Include="include\Screens\MainMenu.h" />
    <ClInclude Include="include\Screens\ScreenManager.h" />
    <ClInclude Include="include\Screens\Options.h" />
    <ClInclude Include="include\GUI\RadioButton.h" />
    <ClInclude Include="include\Screens\ExitMenu.h" />
    <ClInclude Include="include\Screens\Credits.h" />
    <ClInclude Include="include\Screens\PlayMenu.h" />
    <Filter Include="Source Files">
      <UniqueIdentifier>{4FC737F1-C7A5-4376-A066-2A32D752A2FF}</UniqueIdentifier>
      <Extensions>cpp;c;cc;cxx;def;odl;idl;hpj;bat;asm;asmx</Extensions>
    </Filter>
    <Filter Include="Header Files">
      <UniqueIdentifier>{93995380-89BD-4b04-88EB-625FBE52EBFB}</UniqueIdentifier>
      <Extensions>h;hh;hpp;hxx;hm;inl;inc;xsd</Extensions>
    </Filter>
    <Filter Include="Resource Files">
      <UniqueIdentifier>{67DA6AB6-F800-4c08-8B7A-83BB121AAD01}</UniqueIdentifier>
      <Extensions>rc;ico;cur;bmp;dlg;rc2;rct;bin;rgs;gif;jpg;jpeg;jpe;resx;tiff;tif;png;wav;mfcribbon-ms</Extensions>
    </Filter>
    <Filter Include="Todo">
      <UniqueIdentifier>{a8fda6f1-93a4-40f4-abe6-8abdb0247b87}</UniqueIdentifier>
    </Filter>
  </ItemGroup>
  <ItemGroup>
    <ClCompile Include="src\EntityManger.cpp">
      <Filter>Source Files</Filter>
    </ClCompile>
    <ClCompile Include="src\main.cpp">
      <Filter>Source Files</Filter>
    </ClCompile>
    <ClCompile Include="src\Player.cpp">
      <Filter>Source Files</Filter>
    </ClCompile>
    <ClCompile Include="src\XboxController.cpp">
      <Filter>Source Files</Filter>
    </ClCompile>
    <ClCompile Include="src\Enemy.cpp">
      <Filter>Source Files</Filter>
    </ClCompile>
  </ItemGroup>
  <ItemGroup>
    <ClInclude Include="include\Entity.h">
      <Filter>Header Files</Filter>
    </ClInclude>
    <ClInclude Include="include\EntityManager.h">
      <Filter>Header Files</Filter>
    </ClInclude>
    <ClInclude Include="include\MathHelper.h">
      <Filter>Header Files</Filter>
    </ClInclude>
    <ClInclude Include="include\Player.h">
      <Filter>Header Files</Filter>
    </ClInclude>
    <ClInclude Include="include\XboxController.h">
      <Filter>Header Files</Filter>
    </ClInclude>
    <ClInclude Include="include\Enemy.h">
      <Filter>Header Files</Filter>
    </ClInclude>
  </ItemGroup>
  <ItemGroup>
    <Text Include="ToDo.txt">
      <Filter>Todo</Filter>
    </Text>
  </ItemGroup>
</Project>